
Microsoft Visual Studio Solution File, Format Version 12.00
# Visual Studio Version 17
VisualStudioVersion = 17.9.34607.119
MinimumVisualStudioVersion = 10.0.40219.1
Project("{FAE04EC0-301F-11D3-BF4B-00C04F79EFBC}") = "KitchenSecrets", "KitchenSecrets\KitchenSecrets.csproj", "{AA446265-5601-40E4-9974-AB7334CDAF73}"
EndProject
Global
	GlobalSection(SolutionConfigurationPlatforms) = preSolution
		Debug|Any CPU = Debug|Any CPU
		Release|Any CPU = Release|Any CPU
	EndGlobalSection
	GlobalSection(ProjectConfigurationPlatforms) = postSolution
		{AA446265-5601-40E4-9974-AB7334CDAF73}.Debug|Any CPU.ActiveCfg = Debug|Any CPU
		{AA446265-5601-40E4-9974-AB7334CDAF73}.Debug|Any CPU.Build.0 = Debug|Any CPU
		{AA446265-5601-40E4-9974-AB7334CDAF73}.Release|Any CPU.ActiveCfg = Release|Any CPU
		{AA446265-5601-40E4-9974-AB7334CDAF73}.Release|Any CPU.Build.0 = Release|Any CPU
	EndGlobalSection
	GlobalSection(SolutionProperties) = preSolution
		HideSolutionNode = FALSE
	EndGlobalSection
	GlobalSection(ExtensibilityGlobals) = postSolution
		SolutionGuid = {C8A28B44-5739-4861-B04C-099AC010B5A8}
	EndGlobalSection
EndGlobal
